github.com/coder/websocket v1.8.15 h1:6B2JPeOGlpff2Uz6vOEH1Vzpi0iUz20A+lPVhPHtNUA=
github.com/coder/websocket v1.8.15/go.mod h1:NX3SzP+inril6yawo5CQXx8+fk145lPDC6pumgx0mVg=
github.com/confluentinc/confluent-kafka-go/v2 v2.14.2 h1:EYOGezeuuHtzXElXsAjalIyL9Qm5wBVNdy1m8fJElyM=
github.com/confluentinc/confluent-kafka-go/v2 v2.14.2/go.mod h1:DWBtCOZWX9sThpJxcPQe38lgTDksq086TVikUUyhM64=
